
Microsoft Visual Studio Solution File, Format Version 12.00
# Visual Studio Version 17
VisualStudioVersion = 17.0.31903.59
MinimumVisualStudioVersion = 10.0.40219.1
Project("{9A19103F-16F7-4668-BE54-9A1E7A4F7556}") = "CarWorkshop.MVC", "CarWorkshop.MVC\CarWorkshop.MVC.csproj", "{7D274CA8-2D9C-4F8D-9252-F68BBEBE598B}"
EndProject
Project("{9A19103F-16F7-4668-BE54-9A1E7A4F7556}") = "CarWorkshop.Domain", "CarWorkshop.Domain\CarWorkshop.Domain.csproj", "{109A75BC-97F3-467B-9FE0-DD2B4E0531A6}"
EndProject
Project("{9A19103F-16F7-4668-BE54-9A1E7A4F7556}") = "CarWorkshop.Application", "CarWorkshop.Application\CarWorkshop.Application.csproj", "{47CB312D-6739-4A90-A52E-B34A102F7BB9}"
EndProject
Project("{9A19103F-16F7-4668-BE54-9A1E7A4F7556}") = "CarWorkshop.Infrastructure", "CarWorkshop.Infrastructure\CarWorkshop.Infrastructure.csproj", "{4213EB7C-FECD-489F-81CF-4B842577C203}"
EndProject
Project("{FAE04EC0-301F-11D3-BF4B-00C04F79EFBC}") = "CarWorkshop.DomainTests", "CarWorkshop.DomainTests\CarWorkshop.DomainTests.csproj", "{AD647E85-3293-46F1-8BC2-EBAC22C2AB47}"
EndProject
Project("{FAE04EC0-301F-11D3-BF4B-00C04F79EFBC}") = "CarWorkshop.ApplicationTests", "CarWorkshop.ApplicationTests\CarWorkshop.ApplicationTests.csproj", "{B3AB4DF3-DCFC-4CE8-A731-A5E4D7F9DAD6}"
EndProject
Project("{2150E333-8FDC-42A3-9474-1A3956D46DE8}") = "tests", "tests", "{6A8C09F1-24EE-42D4-8E64-9F280E215A71}"
EndProject
Global
	GlobalSection(SolutionConfigurationPlatforms) = preSolution
		Debug|Any CPU = Debug|Any CPU
		Release|Any CPU = Release|Any CPU
	EndGlobalSection
	GlobalSection(ProjectConfigurationPlatforms) = postSolution
		{7D274CA8-2D9C-4F8D-9252-F68BBEBE598B}.Debug|Any CPU.ActiveCfg = Debug|Any CPU
		{7D274CA8-2D9C-4F8D-9252-F68BBEBE598B}.Debug|Any CPU.Build.0 = Debug|Any CPU
		{7D274CA8-2D9C-4F8D-9252-F68BBEBE598B}.Release|Any CPU.ActiveCfg = Release|Any CPU
		{7D274CA8-2D9C-4F8D-9252-F68BBEBE598B}.Release|Any CPU.Build.0 = Release|Any CPU
		{109A75BC-97F3-467B-9FE0-DD2B4E0531A6}.Debug|Any CPU.ActiveCfg = Debug|Any CPU
		{109A75BC-97F3-467B-9FE0-DD2B4E0531A6}.Debug|Any CPU.Build.0 = Debug|Any CPU
		{109A75BC-97F3-467B-9FE0-DD2B4E0531A6}.Release|Any CPU.ActiveCfg = Release|Any CPU
		{109A75BC-97F3-467B-9FE0-DD2B4E0531A6}.Release|Any CPU.Build.0 = Release|Any CPU
		{47CB312D-6739-4A90-A52E-B34A102F7BB9}.Debug|Any CPU.ActiveCfg = Debug|Any CPU
		{47CB312D-6739-4A90-A52E-B34A102F7BB9}.Debug|Any CPU.Build.0 = Debug|Any CPU
		{47CB312D-6739-4A90-A52E-B34A102F7BB9}.Release|Any CPU.ActiveCfg = Release|Any CPU
		{47CB312D-6739-4A90-A52E-B34A102F7BB9}.Release|Any CPU.Build.0 = Release|Any CPU
		{4213EB7C-FECD-489F-81CF-4B842577C203}.Debug|Any CPU.ActiveCfg = Debug|Any CPU
		{4213EB7C-FECD-489F-81CF-4B842577C203}.Debug|Any CPU.Build.0 = Debug|Any CPU
		{4213EB7C-FECD-489F-81CF-4B842577C203}.Release|Any CPU.ActiveCfg = Release|Any CPU
		{4213EB7C-FECD-489F-81CF-4B842577C203}.Release|Any CPU.Build.0 = Release|Any CPU
		{AD647E85-3293-46F1-8BC2-EBAC22C2AB47}.Debug|Any CPU.ActiveCfg = Debug|Any CPU
		{AD647E85-3293-46F1-8BC2-EBAC22C2AB47}.Debug|Any CPU.Build.0 = Debug|Any CPU
		{AD647E85-3293-46F1-8BC2-EBAC22C2AB47}.Release|Any CPU.ActiveCfg = Release|Any CPU
		{AD647E85-3293-46F1-8BC2-EBAC22C2AB47}.Release|Any CPU.Build.0 = Release|Any CPU
		{B3AB4DF3-DCFC-4CE8-A731-A5E4D7F9DAD6}.Debug|Any CPU.ActiveCfg = Debug|Any CPU
		{B3AB4DF3-DCFC-4CE8-A731-A5E4D7F9DAD6}.Debug|Any CPU.Build.0 = Debug|Any CPU
		{B3AB4DF3-DCFC-4CE8-A731-A5E4D7F9DAD6}.Release|Any CPU.ActiveCfg = Release|Any CPU
		{B3AB4DF3-DCFC-4CE8-A731-A5E4D7F9DAD6}.Release|Any CPU.Build.0 = Release|Any CPU
	EndGlobalSection
	GlobalSection(SolutionProperties) = preSolution
		HideSolutionNode = FALSE
	EndGlobalSection
	GlobalSection(NestedProjects) = preSolution
		{AD647E85-3293-46F1-8BC2-EBAC22C2AB47} = {6A8C09F1-24EE-42D4-8E64-9F280E215A71}
		{B3AB4DF3-DCFC-4CE8-A731-A5E4D7F9DAD6} = {6A8C09F1-24EE-42D4-8E64-9F280E215A71}
	EndGlobalSection
	GlobalSection(ExtensibilityGlobals) = postSolution
		SolutionGuid = {029E32D1-7437-4DE9-831B-FC386C6519BE}
	EndGlobalSection
EndGlobal
